
Microsoft Visual Studio Solution File, Format Version 12.00
# Visual Studio 15
VisualStudioVersion = 15.0.27703.2026
MinimumVisualStudioVersion = 10.0.40219.1
Project("{FAE04EC0-301F-11D3-BF4B-00C04F79EFBC}") = "ShapesLib", "ShapesLib\ShapesLib.csproj", "{90CFD186-D913-42B8-A9CD-E2BD4E4D0C6D}"
EndProject
Project("{FAE04EC0-301F-11D3-BF4B-00C04F79EFBC}") = "ConsoleDialog", "ConsoleDialog\ConsoleDialog.csproj", "{0409AE44-E95E-4506-A794-134785809617}"
EndProject
Global
	GlobalSection(SolutionConfigurationPlatforms) = preSolution
		Debug|Any CPU = Debug|Any CPU
		Release|Any CPU = Release|Any CPU
	EndGlobalSection
	GlobalSection(ProjectConfigurationPlatforms) = postSolution
		{90CFD186-D913-42B8-A9CD-E2BD4E4D0C6D}.Debug|Any CPU.ActiveCfg = Debug|Any CPU
		{90CFD186-D913-42B8-A9CD-E2BD4E4D0C6D}.Debug|Any CPU.Build.0 = Debug|Any CPU
		{90CFD186-D913-42B8-A9CD-E2BD4E4D0C6D}.Release|Any CPU.ActiveCfg = Release|Any CPU
		{90CFD186-D913-42B8-A9CD-E2BD4E4D0C6D}.Release|Any CPU.Build.0 = Release|Any CPU
		{0409AE44-E95E-4506-A794-134785809617}.Debug|Any CPU.ActiveCfg = Debug|Any CPU
		{0409AE44-E95E-4506-A794-134785809617}.Debug|Any CPU.Build.0 = Debug|Any CPU
		{0409AE44-E95E-4506-A794-134785809617}.Release|Any CPU.ActiveCfg = Release|Any CPU
		{0409AE44-E95E-4506-A794-134785809617}.Release|Any CPU.Build.0 = Release|Any CPU
	EndGlobalSection
	GlobalSection(SolutionProperties) = preSolution
		HideSolutionNode = FALSE
	EndGlobalSection
	GlobalSection(ExtensibilityGlobals) = postSolution
		SolutionGuid = {5C7E8500-D9D4-4DF2-AAD2-10596848DDD1}
	EndGlobalSection
EndGlobal
